
Microsoft Visual Studio Solution File, Format Version 12.00
# Visual Studio 2012
Project("{2150E333-8FDC-42A3-9474-1A3956D46DE8}") = "Solution Items", "Solution Items", "{B7ADE12F-386A-4809-AB93-023E49AF3C7B}"
	ProjectSection(SolutionItems) = preProject
		Copy-Dependencies.cmd = Copy-Dependencies.cmd
		SharpSvn.FxCop = SharpSvn.FxCop
	EndProjectSection
	ProjectSection(FolderStartupServices) = postProject
		{B4F97281-0DBD-4835-9ED8-7DFB966E87FF} = {B4F97281-0DBD-4835-9ED8-7DFB966E87FF}
	EndProjectSection
EndProject
Project("{2150E333-8FDC-42A3-9474-1A3956D46DE8}") = "Z-Tools", "Z-Tools", "{7B4B080F-80E3-4907-87E4-8038F2470696}"
	ProjectSection(FolderStartupServices) = postProject
		{B4F97281-0DBD-4835-9ED8-7DFB966E87FF} = {B4F97281-0DBD-4835-9ED8-7DFB966E87FF}
	EndProjectSection
EndProject
Project("{2150E333-8FDC-42A3-9474-1A3956D46DE8}") = "Contrib", "Contrib", "{CAD0027C-F0F4-4F04-8D9A-6D94DFC401D8}"
	ProjectSection(FolderStartupServices) = postProject
		{B4F97281-0DBD-4835-9ED8-7DFB966E87FF} = {B4F97281-0DBD-4835-9ED8-7DFB966E87FF}
	EndProjectSection
EndProject
Project("{FAE04EC0-301F-11D3-BF4B-00C04F79EFBC}") = "SharpSvn.UI", "SharpSvn.UI\SharpSvn.UI.csproj", "{E929A4D4-6C65-4D00-9432-E082169BDDC3}"
EndProject
Project("{8BC9CEB8-8B4A-11D0-8D11-00A0C91BC942}") = "SharpSvn", "SharpSvn\SharpSvn.vcxproj", "{A3166809-1484-4442-BF75-5FB0E8356381}"
EndProject
Project("{FAE04EC0-301F-11D3-BF4B-00C04F79EFBC}") = "SharpSvn.Tests", "SharpSvn.Tests\SharpSvn.Tests.csproj", "{6D9F8C0B-E3DA-4FB6-BBF9-FB57791B469D}"
	ProjectSection(ProjectDependencies) = postProject
		{3A1D7085-4B6A-4D47-9FA6-B2A63CDD6595} = {3A1D7085-4B6A-4D47-9FA6-B2A63CDD6595}
	EndProjectSection
EndProject
Project("{8BC9CEB8-8B4A-11D0-8D11-00A0C91BC942}") = "SharpPlink", "SharpPlink\SharpPlink.vcxproj", "{3B2682F1-0092-4422-8E12-588163AD9422}"
EndProject
Project("{FAE04EC0-301F-11D3-BF4B-00C04F79EFBC}") = "Po2Resx", "tools\Po2Resx\Po2Resx.csproj", "{0CC79A1A-463D-40BB-91E0-3B1391B519C6}"
EndProject
Project("{FAE04EC0-301F-11D3-BF4B-00C04F79EFBC}") = "CollabUpload", "tools\CollabUpload\CollabUpload.csproj", "{4EE15935-6CDA-48DD-9C5D-79FF130111CC}"
EndProject
Project("{FAE04EC0-301F-11D3-BF4B-00C04F79EFBC}") = "HookNotifier", "tools\HookNotifier\HookNotifier.csproj", "{3A1D7085-4B6A-4D47-9FA6-B2A63CDD6595}"
EndProject
Project("{FAE04EC0-301F-11D3-BF4B-00C04F79EFBC}") = "Errors2Enum", "tools\Errors2Enum\Errors2Enum.csproj", "{80CA13E9-790A-4DC3-A45A-EDF6996D82D0}"
EndProject
Project("{8BC9CEB8-8B4A-11D0-8D11-00A0C91BC942}") = "SharpGit", "SharpGit\SharpGit.vcxproj", "{0D01253E-6359-43FC-A3C8-1A3754C4468D}"
EndProject
Project("{FAE04EC0-301F-11D3-BF4B-00C04F79EFBC}") = "SharpGit.Tests", "SharpGit.Tests\SharpGit.Tests.csproj", "{7783B901-C688-41BE-A271-C517FB8DEDFF}"
EndProject
Global
	GlobalSection(SubversionScc) = preSolution
		Svn-Managed = True
		Manager = AnkhSVN - Subversion Support for Visual Studio
	EndGlobalSection
	GlobalSection(SolutionConfigurationPlatforms) = preSolution
		Debug|x64 = Debug|x64
		Debug|x86 = Debug|x86
		Release|x64 = Release|x64
		Release|x86 = Release|x86
	EndGlobalSection
	GlobalSection(ProjectConfigurationPlatforms) = postSolution
		{E929A4D4-6C65-4D00-9432-E082169BDDC3}.Debug|x64.ActiveCfg = Debug|x64
		{E929A4D4-6C65-4D00-9432-E082169BDDC3}.Debug|x64.Build.0 = Debug|x64
		{E929A4D4-6C65-4D00-9432-E082169BDDC3}.Debug|x86.ActiveCfg = Debug|x86
		{E929A4D4-6C65-4D00-9432-E082169BDDC3}.Debug|x86.Build.0 = Debug|x86
		{E929A4D4-6C65-4D00-9432-E082169BDDC3}.Release|x64.ActiveCfg = Release|x64
		{E929A4D4-6C65-4D00-9432-E082169BDDC3}.Release|x64.Build.0 = Release|x64
		{E929A4D4-6C65-4D00-9432-E082169BDDC3}.Release|x86.ActiveCfg = Release|x86
		{E929A4D4-6C65-4D00-9432-E082169BDDC3}.Release|x86.Build.0 = Release|x86
		{A3166809-1484-4442-BF75-5FB0E8356381}.Debug|x64.ActiveCfg = Debug|x64
		{A3166809-1484-4442-BF75-5FB0E8356381}.Debug|x64.Build.0 = Debug|x64
		{A3166809-1484-4442-BF75-5FB0E8356381}.Debug|x86.ActiveCfg = Debug|Win32
		{A3166809-1484-4442-BF75-5FB0E8356381}.Debug|x86.Build.0 = Debug|Win32
		{A3166809-1484-4442-BF75-5FB0E8356381}.Release|x64.ActiveCfg = Release|x64
		{A3166809-1484-4442-BF75-5FB0E8356381}.Release|x64.Build.0 = Release|x64
		{A3166809-1484-4442-BF75-5FB0E8356381}.Release|x86.ActiveCfg = Release|Win32
		{A3166809-1484-4442-BF75-5FB0E8356381}.Release|x86.Build.0 = Release|Win32
		{6D9F8C0B-E3DA-4FB6-BBF9-FB57791B469D}.Debug|x64.ActiveCfg = Debug|x64
		{6D9F8C0B-E3DA-4FB6-BBF9-FB57791B469D}.Debug|x64.Build.0 = Debug|x64
		{6D9F8C0B-E3DA-4FB6-BBF9-FB57791B469D}.Debug|x86.ActiveCfg = Debug|x86
		{6D9F8C0B-E3DA-4FB6-BBF9-FB57791B469D}.Debug|x86.Build.0 = Debug|x86
		{6D9F8C0B-E3DA-4FB6-BBF9-FB57791B469D}.Release|x64.ActiveCfg = Release|x64
		{6D9F8C0B-E3DA-4FB6-BBF9-FB57791B469D}.Release|x64.Build.0 = Release|x64
		{6D9F8C0B-E3DA-4FB6-BBF9-FB57791B469D}.Release|x86.ActiveCfg = Release|x86
		{6D9F8C0B-E3DA-4FB6-BBF9-FB57791B469D}.Release|x86.Build.0 = Release|x86
		{3B2682F1-0092-4422-8E12-588163AD9422}.Debug|x64.ActiveCfg = Debug|x64
		{3B2682F1-0092-4422-8E12-588163AD9422}.Debug|x64.Build.0 = Debug|x64
		{3B2682F1-0092-4422-8E12-588163AD9422}.Debug|x86.ActiveCfg = Debug|Win32
		{3B2682F1-0092-4422-8E12-588163AD9422}.Debug|x86.Build.0 = Debug|Win32
		{3B2682F1-0092-4422-8E12-588163AD9422}.Release|x64.ActiveCfg = Release|x64
		{3B2682F1-0092-4422-8E12-588163AD9422}.Release|x64.Build.0 = Release|x64
		{3B2682F1-0092-4422-8E12-588163AD9422}.Release|x86.ActiveCfg = Release|Win32
		{3B2682F1-0092-4422-8E12-588163AD9422}.Release|x86.Build.0 = Release|Win32
		{0CC79A1A-463D-40BB-91E0-3B1391B519C6}.Debug|x64.ActiveCfg = Debug|Any CPU
		{0CC79A1A-463D-40BB-91E0-3B1391B519C6}.Debug|x64.Build.0 = Debug|Any CPU
		{0CC79A1A-463D-40BB-91E0-3B1391B519C6}.Debug|x86.ActiveCfg = Debug|Any CPU
		{0CC79A1A-463D-40BB-91E0-3B1391B519C6}.Debug|x86.Build.0 = Debug|Any CPU
		{0CC79A1A-463D-40BB-91E0-3B1391B519C6}.Release|x64.ActiveCfg = Release|Any CPU
		{0CC79A1A-463D-40BB-91E0-3B1391B519C6}.Release|x64.Build.0 = Release|Any CPU
		{0CC79A1A-463D-40BB-91E0-3B1391B519C6}.Release|x86.ActiveCfg = Release|Any CPU
		{0CC79A1A-463D-40BB-91E0-3B1391B519C6}.Release|x86.Build.0 = Release|Any CPU
		{4EE15935-6CDA-48DD-9C5D-79FF130111CC}.Debug|x64.ActiveCfg = Debug|Any CPU
		{4EE15935-6CDA-48DD-9C5D-79FF130111CC}.Debug|x64.Build.0 = Debug|Any CPU
		{4EE15935-6CDA-48DD-9C5D-79FF130111CC}.Debug|x86.ActiveCfg = Debug|Any CPU
		{4EE15935-6CDA-48DD-9C5D-79FF130111CC}.Debug|x86.Build.0 = Debug|Any CPU
		{4EE15935-6CDA-48DD-9C5D-79FF130111CC}.Release|x64.ActiveCfg = Release|Any CPU
		{4EE15935-6CDA-48DD-9C5D-79FF130111CC}.Release|x64.Build.0 = Release|Any CPU
		{4EE15935-6CDA-48DD-9C5D-79FF130111CC}.Release|x86.ActiveCfg = Release|Any CPU
		{4EE15935-6CDA-48DD-9C5D-79FF130111CC}.Release|x86.Build.0 = Release|Any CPU
		{3A1D7085-4B6A-4D47-9FA6-B2A63CDD6595}.Debug|x64.ActiveCfg = Debug|Any CPU
		{3A1D7085-4B6A-4D47-9FA6-B2A63CDD6595}.Debug|x64.Build.0 = Debug|Any CPU
		{3A1D7085-4B6A-4D47-9FA6-B2A63CDD6595}.Debug|x86.ActiveCfg = Debug|Any CPU
		{3A1D7085-4B6A-4D47-9FA6-B2A63CDD6595}.Debug|x86.Build.0 = Debug|Any CPU
		{3A1D7085-4B6A-4D47-9FA6-B2A63CDD6595}.Release|x64.ActiveCfg = Release|Any CPU
		{3A1D7085-4B6A-4D47-9FA6-B2A63CDD6595}.Release|x64.Build.0 = Release|Any CPU
		{3A1D7085-4B6A-4D47-9FA6-B2A63CDD6595}.Release|x86.ActiveCfg = Release|Any CPU
		{3A1D7085-4B6A-4D47-9FA6-B2A63CDD6595}.Release|x86.Build.0 = Release|Any CPU
		{80CA13E9-790A-4DC3-A45A-EDF6996D82D0}.Debug|x64.ActiveCfg = Debug|Any CPU
		{80CA13E9-790A-4DC3-A45A-EDF6996D82D0}.Debug|x64.Build.0 = Debug|Any CPU
		{80CA13E9-790A-4DC3-A45A-EDF6996D82D0}.Debug|x86.ActiveCfg = Debug|Any CPU
		{80CA13E9-790A-4DC3-A45A-EDF6996D82D0}.Debug|x86.Build.0 = Debug|Any CPU
		{80CA13E9-790A-4DC3-A45A-EDF6996D82D0}.Release|x64.ActiveCfg = Release|Any CPU
		{80CA13E9-790A-4DC3-A45A-EDF6996D82D0}.Release|x64.Build.0 = Release|Any CPU
		{80CA13E9-790A-4DC3-A45A-EDF6996D82D0}.Release|x86.ActiveCfg = Release|Any CPU
		{80CA13E9-790A-4DC3-A45A-EDF6996D82D0}.Release|x86.Build.0 = Release|Any CPU
		{0D01253E-6359-43FC-A3C8-1A3754C4468D}.Debug|x64.ActiveCfg = Debug|x64
		{0D01253E-6359-43FC-A3C8-1A3754C4468D}.Debug|x64.Build.0 = Debug|x64
		{0D01253E-6359-43FC-A3C8-1A3754C4468D}.Debug|x86.ActiveCfg = Debug|Win32
		{0D01253E-6359-43FC-A3C8-1A3754C4468D}.Debug|x86.Build.0 = Debug|Win32
		{0D01253E-6359-43FC-A3C8-1A3754C4468D}.Release|x64.ActiveCfg = Release|x64
		{0D01253E-6359-43FC-A3C8-1A3754C4468D}.Release|x64.Build.0 = Release|x64
		{0D01253E-6359-43FC-A3C8-1A3754C4468D}.Release|x86.ActiveCfg = Release|Win32
		{0D01253E-6359-43FC-A3C8-1A3754C4468D}.Release|x86.Build.0 = Release|Win32
		{7783B901-C688-41BE-A271-C517FB8DEDFF}.Debug|x64.ActiveCfg = Debug|x64
		{7783B901-C688-41BE-A271-C517FB8DEDFF}.Debug|x64.Build.0 = Debug|x64
		{7783B901-C688-41BE-A271-C517FB8DEDFF}.Debug|x86.ActiveCfg = Debug|x86
		{7783B901-C688-41BE-A271-C517FB8DEDFF}.Debug|x86.Build.0 = Debug|x86
		{7783B901-C688-41BE-A271-C517FB8DEDFF}.Release|x64.ActiveCfg = Release|x64
		{7783B901-C688-41BE-A271-C517FB8DEDFF}.Release|x64.Build.0 = Release|x64
		{7783B901-C688-41BE-A271-C517FB8DEDFF}.Release|x86.ActiveCfg = Release|x86
		{7783B901-C688-41BE-A271-C517FB8DEDFF}.Release|x86.Build.0 = Release|x86
	EndGlobalSection
	GlobalSection(SolutionProperties) = preSolution
		HideSolutionNode = FALSE
	EndGlobalSection
	GlobalSection(TextTemplating) = postSolution
		TextTemplating = 1
	EndGlobalSection
EndGlobal
