<?xml version="1.0" encoding="utf-8"?>
<Project ToolsVersion="4.0" xmlns="http://schemas.microsoft.com/developer/msbuild/2003">
  <ItemGroup>
    <Filter Include="Resource Files">
      <UniqueIdentifier>{67DA6AB6-F800-4c08-8B7A-83BB121AAD01}</UniqueIdentifier>
      <Extensions>rc;ico;cur;bmp;dlg;rc2;rct;bin;rgs;gif;jpg;jpeg;jpe;resx;tiff;tif;png;wav</Extensions>
    </Filter>
    <Filter Include="Common">
      <UniqueIdentifier>{91bc4231-ab71-4893-ad21-3115f62fa83c}</UniqueIdentifier>
    </Filter>
    <Filter Include="Common\Header">
      <UniqueIdentifier>{02769f37-d27f-4c59-8c45-74d0daab74db}</UniqueIdentifier>
    </Filter>
    <Filter Include="Common\Sources">
      <UniqueIdentifier>{85c5cc60-6b56-46b1-b49b-0abdca3cba46}</UniqueIdentifier>
    </Filter>
    <Filter Include="GitClient">
      <UniqueIdentifier>{25fea488-79dc-44a6-8b0e-9b4725742f8f}</UniqueIdentifier>
    </Filter>
    <Filter Include="GitClient\Sources">
      <UniqueIdentifier>{22daee4b-182e-4d73-b7da-da69069ac0b0}</UniqueIdentifier>
    </Filter>
    <Filter Include="Plumbing">
      <UniqueIdentifier>{1d00b5eb-771e-419e-8b13-2994d759f54e}</UniqueIdentifier>
    </Filter>
  </ItemGroup>
  <ItemGroup>
    <ResourceCompile Include="app.rc">
      <Filter>Resource Files</Filter>
    </ResourceCompile>
  </ItemGroup>
  <ItemGroup>
    <ClCompile Include="AssemblyInfo.cpp" />
    <ClCompile Include="stdafx.cpp">
      <Filter>Common\Sources</Filter>
    </ClCompile>
    <ClCompile Include="GitClient\GitClient.cpp">
      <Filter>GitClient\Sources</Filter>
    </ClCompile>
    <ClCompile Include="GitClientContext.cpp" />
    <ClCompile Include="GitClient\GitStatus.cpp">
      <Filter>GitClient</Filter>
    </ClCompile>
    <ClCompile Include="Plumbing\GitRepository.cpp">
      <Filter>Plumbing</Filter>
    </ClCompile>
    <ClCompile Include="Plumbing\GitConfiguration.cpp">
      <Filter>Plumbing</Filter>
    </ClCompile>
    <ClCompile Include="Plumbing\GitIndex.cpp">
      <Filter>Plumbing</Filter>
    </ClCompile>
    <ClCompile Include="Plumbing\GitObjectDatabase.cpp">
      <Filter>Plumbing</Filter>
    </ClCompile>
    <ClCompile Include="GitClient\GitAdd.cpp">
      <Filter>GitClient</Filter>
    </ClCompile>
    <ClCompile Include="Plumbing\GitTree.cpp">
      <Filter>Plumbing</Filter>
    </ClCompile>
    <ClCompile Include="GitClient\GitDelete.cpp">
      <Filter>GitClient</Filter>
    </ClCompile>
  </ItemGroup>
  <ItemGroup>
    <None Include="SharpGit-VS2008.vcproj" />
    <None Include="SharpGit.snk" />
    <None Include="SharpGit.vcproj" />
  </ItemGroup>
  <ItemGroup>
    <ClInclude Include="stdafx.h">
      <Filter>Common\Header</Filter>
    </ClInclude>
    <ClInclude Include="resource.h">
      <Filter>Common\Header</Filter>
    </ClInclude>
    <ClInclude Include="GitClientContext.h">
      <Filter>Common</Filter>
    </ClInclude>
    <ClInclude Include="GitClient\GitClientEventArgs.h" />
    <ClInclude Include="GitClient\GitClient.h">
      <Filter>GitClient</Filter>
    </ClInclude>
    <ClInclude Include="GitClient\Args\GitStatus.h">
      <Filter>GitClient</Filter>
    </ClInclude>
    <ClInclude Include="GitClient\EventArgs\GitStatusEventArgs.h">
      <Filter>GitClient</Filter>
    </ClInclude>
    <ClInclude Include="Plumbing\GitRepository.h">
      <Filter>Plumbing</Filter>
    </ClInclude>
    <ClInclude Include="Plumbing\GitConfiguration.h">
      <Filter>Plumbing</Filter>
    </ClInclude>
    <ClInclude Include="Plumbing\GitIndex.h">
      <Filter>Plumbing</Filter>
    </ClInclude>
    <ClInclude Include="Plumbing\GitObjectDatabase.h">
      <Filter>Plumbing</Filter>
    </ClInclude>
    <ClInclude Include="GitClient\GitAdd.h">
      <Filter>GitClient</Filter>
    </ClInclude>
    <ClInclude Include="GitLibraryAttribute.h">
      <Filter>Common</Filter>
    </ClInclude>
    <ClInclude Include="Plumbing\GitTree.h">
      <Filter>Plumbing</Filter>
    </ClInclude>
    <ClInclude Include="GitClient\GitDelete.h">
      <Filter>GitClient</Filter>
    </ClInclude>
  </ItemGroup>
  <ItemGroup>
    <Image Include="app.ico">
      <Filter>Resource Files</Filter>
    </Image>
  </ItemGroup>
</Project>