
Microsoft Visual Studio Solution File, Format Version 10.00
# Visual Studio 2008
Project("{2150E333-8FDC-42A3-9474-1A3956D46DE8}") = "Solution Items", "Solution Items", "{B7ADE12F-386A-4809-AB93-023E49AF3C7B}"
	ProjectSection(SolutionItems) = preProject
		Copy-Dependencies.cmd = Copy-Dependencies.cmd
		SharpSvn.FxCop = SharpSvn.FxCop
		SharpSvn.shfb = SharpSvn.shfb
		SharpSvn.wxs = SharpSvn.wxs
	EndProjectSection
	ProjectSection(FolderStartupServices) = postProject
		{B4F97281-0DBD-4835-9ED8-7DFB966E87FF} = {B4F97281-0DBD-4835-9ED8-7DFB966E87FF}
	EndProjectSection
EndProject
Project("{8BC9CEB8-8B4A-11D0-8D11-00A0C91BC942}") = "SharpSvn", "SharpSvn\SharpSvn-VS2008.vcproj", "{A3166809-1484-4442-BF75-5FB0E8356381}"
	ProjectSection(ProjectDependencies) = postProject
		{0CC79A1A-463D-40BB-91E0-3B1391B519C6} = {0CC79A1A-463D-40BB-91E0-3B1391B519C6}
		{80CA13E9-790A-4DC3-A45A-EDF6996D82D0} = {80CA13E9-790A-4DC3-A45A-EDF6996D82D0}
		{3B2682F1-0092-4422-8E12-588163AD9422} = {3B2682F1-0092-4422-8E12-588163AD9422}
	EndProjectSection
EndProject
Project("{8BC9CEB8-8B4A-11D0-8D11-00A0C91BC942}") = "SharpPlink", "SharpPlink\SharpPlink-vs2008.vcproj", "{3B2682F1-0092-4422-8E12-588163AD9422}"
EndProject
Project("{2150E333-8FDC-42A3-9474-1A3956D46DE8}") = "Z-Tools", "Z-Tools", "{AC721CF6-D782-442E-81AF-035F737908E6}"
EndProject
Project("{FAE04EC0-301F-11D3-BF4B-00C04F79EFBC}") = "Po2Resx", "tools\Po2Resx\Po2Resx.csproj", "{0CC79A1A-463D-40BB-91E0-3B1391B519C6}"
EndProject
Project("{FAE04EC0-301F-11D3-BF4B-00C04F79EFBC}") = "SharpSvn.SourceIndexer", "SharpSvn.SourceIndexer\SharpSvn.SourceIndexer.csproj", "{6374B7FA-6919-4CF1-A348-6AF76B199169}"
EndProject
Project("{FAE04EC0-301F-11D3-BF4B-00C04F79EFBC}") = "SharpSvn.SourceIndexer.Tests", "SharpSvn.SourceIndexer.Tests\SharpSvn.SourceIndexer.Tests.csproj", "{25B51D2F-AE5D-4B0D-A0EB-949EDECCAD2E}"
EndProject
Project("{2150E333-8FDC-42A3-9474-1A3956D46DE8}") = "Contrib", "Contrib", "{1072518C-0971-4951-B623-D32FB83831AD}"
EndProject
Project("{FAE04EC0-301F-11D3-BF4B-00C04F79EFBC}") = "CollabUpload", "tools\CollabUpload\CollabUpload.csproj", "{4EE15935-6CDA-48DD-9C5D-79FF130111CC}"
EndProject
Project("{FAE04EC0-301F-11D3-BF4B-00C04F79EFBC}") = "ShSvn", "ShSvn\ShSvn.csproj", "{6620698A-92BB-405F-A2C9-E1C050151D54}"
EndProject
Project("{FAE04EC0-301F-11D3-BF4B-00C04F79EFBC}") = "HookNotifier", "tools\HookNotifier\HookNotifier.csproj", "{3A1D7085-4B6A-4D47-9FA6-B2A63CDD6595}"
EndProject
Project("{FAE04EC0-301F-11D3-BF4B-00C04F79EFBC}") = "Errors2Enum", "tools\Errors2Enum\Errors2Enum.csproj", "{80CA13E9-790A-4DC3-A45A-EDF6996D82D0}"
EndProject
Project("{FAE04EC0-301F-11D3-BF4B-00C04F79EFBC}") = "WerUpload", "tools\WerUpload\WerUpload.csproj", "{8246BC73-11D4-4428-A67E-16DBF7316287}"
EndProject
Project("{FAE04EC0-301F-11D3-BF4B-00C04F79EFBC}") = "SharpSvn.Tests", "SharpSvn.Tests\SharpSvn.Tests.csproj", "{6D9F8C0B-E3DA-4FB6-BBF9-FB57791B469D}"
EndProject
Project("{FAE04EC0-301F-11D3-BF4B-00C04F79EFBC}") = "SharpSvn.UI", "SharpSvn.UI\SharpSvn.UI.csproj", "{E929A4D4-6C65-4D00-9432-E082169BDDC3}"
EndProject
Global
	GlobalSection(SubversionScc) = preSolution
		Svn-Managed = True
		Manager = AnkhSVN - Subversion Support for Visual Studio
	EndGlobalSection
	GlobalSection(SolutionConfigurationPlatforms) = preSolution
		Debug|x64 = Debug|x64
		Debug|x86 = Debug|x86
		Release|x64 = Release|x64
		Release|x86 = Release|x86
	EndGlobalSection
	GlobalSection(ProjectConfigurationPlatforms) = postSolution
		{A3166809-1484-4442-BF75-5FB0E8356381}.Debug|x64.ActiveCfg = Debug|x64
		{A3166809-1484-4442-BF75-5FB0E8356381}.Debug|x64.Build.0 = Debug|x64
		{A3166809-1484-4442-BF75-5FB0E8356381}.Debug|x86.ActiveCfg = Debug|Win32
		{A3166809-1484-4442-BF75-5FB0E8356381}.Debug|x86.Build.0 = Debug|Win32
		{A3166809-1484-4442-BF75-5FB0E8356381}.Release|x64.ActiveCfg = Release|x64
		{A3166809-1484-4442-BF75-5FB0E8356381}.Release|x64.Build.0 = Release|x64
		{A3166809-1484-4442-BF75-5FB0E8356381}.Release|x86.ActiveCfg = Release|Win32
		{A3166809-1484-4442-BF75-5FB0E8356381}.Release|x86.Build.0 = Release|Win32
		{3B2682F1-0092-4422-8E12-588163AD9422}.Debug|x64.ActiveCfg = Debug|x64
		{3B2682F1-0092-4422-8E12-588163AD9422}.Debug|x64.Build.0 = Debug|x64
		{3B2682F1-0092-4422-8E12-588163AD9422}.Debug|x86.ActiveCfg = Debug|Win32
		{3B2682F1-0092-4422-8E12-588163AD9422}.Debug|x86.Build.0 = Debug|Win32
		{3B2682F1-0092-4422-8E12-588163AD9422}.Release|x64.ActiveCfg = Release|x64
		{3B2682F1-0092-4422-8E12-588163AD9422}.Release|x64.Build.0 = Release|x64
		{3B2682F1-0092-4422-8E12-588163AD9422}.Release|x86.ActiveCfg = Release|Win32
		{3B2682F1-0092-4422-8E12-588163AD9422}.Release|x86.Build.0 = Release|Win32
		{0CC79A1A-463D-40BB-91E0-3B1391B519C6}.Debug|x64.ActiveCfg = Debug|Any CPU
		{0CC79A1A-463D-40BB-91E0-3B1391B519C6}.Debug|x64.Build.0 = Debug|Any CPU
		{0CC79A1A-463D-40BB-91E0-3B1391B519C6}.Debug|x86.ActiveCfg = Debug|Any CPU
		{0CC79A1A-463D-40BB-91E0-3B1391B519C6}.Debug|x86.Build.0 = Debug|Any CPU
		{0CC79A1A-463D-40BB-91E0-3B1391B519C6}.Release|x64.ActiveCfg = Release|Any CPU
		{0CC79A1A-463D-40BB-91E0-3B1391B519C6}.Release|x64.Build.0 = Release|Any CPU
		{0CC79A1A-463D-40BB-91E0-3B1391B519C6}.Release|x86.ActiveCfg = Release|Any CPU
		{0CC79A1A-463D-40BB-91E0-3B1391B519C6}.Release|x86.Build.0 = Release|Any CPU
		{6374B7FA-6919-4CF1-A348-6AF76B199169}.Debug|x64.ActiveCfg = Debug|Any CPU
		{6374B7FA-6919-4CF1-A348-6AF76B199169}.Debug|x86.ActiveCfg = Debug|Any CPU
		{6374B7FA-6919-4CF1-A348-6AF76B199169}.Debug|x86.Build.0 = Debug|Any CPU
		{6374B7FA-6919-4CF1-A348-6AF76B199169}.Release|x64.ActiveCfg = Release|Any CPU
		{6374B7FA-6919-4CF1-A348-6AF76B199169}.Release|x86.ActiveCfg = Release|Any CPU
		{6374B7FA-6919-4CF1-A348-6AF76B199169}.Release|x86.Build.0 = Release|Any CPU
		{25B51D2F-AE5D-4B0D-A0EB-949EDECCAD2E}.Debug|x64.ActiveCfg = Debug|Any CPU
		{25B51D2F-AE5D-4B0D-A0EB-949EDECCAD2E}.Debug|x86.ActiveCfg = Debug|Any CPU
		{25B51D2F-AE5D-4B0D-A0EB-949EDECCAD2E}.Debug|x86.Build.0 = Debug|Any CPU
		{25B51D2F-AE5D-4B0D-A0EB-949EDECCAD2E}.Release|x64.ActiveCfg = Release|Any CPU
		{25B51D2F-AE5D-4B0D-A0EB-949EDECCAD2E}.Release|x86.ActiveCfg = Release|Any CPU
		{25B51D2F-AE5D-4B0D-A0EB-949EDECCAD2E}.Release|x86.Build.0 = Release|Any CPU
		{4EE15935-6CDA-48DD-9C5D-79FF130111CC}.Debug|x64.ActiveCfg = Debug|Any CPU
		{4EE15935-6CDA-48DD-9C5D-79FF130111CC}.Debug|x64.Build.0 = Debug|Any CPU
		{4EE15935-6CDA-48DD-9C5D-79FF130111CC}.Debug|x86.ActiveCfg = Debug|Any CPU
		{4EE15935-6CDA-48DD-9C5D-79FF130111CC}.Debug|x86.Build.0 = Debug|Any CPU
		{4EE15935-6CDA-48DD-9C5D-79FF130111CC}.Release|x64.ActiveCfg = Release|Any CPU
		{4EE15935-6CDA-48DD-9C5D-79FF130111CC}.Release|x64.Build.0 = Release|Any CPU
		{4EE15935-6CDA-48DD-9C5D-79FF130111CC}.Release|x86.ActiveCfg = Release|Any CPU
		{4EE15935-6CDA-48DD-9C5D-79FF130111CC}.Release|x86.Build.0 = Release|Any CPU
		{6620698A-92BB-405F-A2C9-E1C050151D54}.Debug|x64.ActiveCfg = Debug|Any CPU
		{6620698A-92BB-405F-A2C9-E1C050151D54}.Debug|x86.ActiveCfg = Debug|Any CPU
		{6620698A-92BB-405F-A2C9-E1C050151D54}.Release|x64.ActiveCfg = Release|Any CPU
		{6620698A-92BB-405F-A2C9-E1C050151D54}.Release|x86.ActiveCfg = Release|Any CPU
		{3A1D7085-4B6A-4D47-9FA6-B2A63CDD6595}.Debug|x64.ActiveCfg = Debug|Any CPU
		{3A1D7085-4B6A-4D47-9FA6-B2A63CDD6595}.Debug|x64.Build.0 = Debug|Any CPU
		{3A1D7085-4B6A-4D47-9FA6-B2A63CDD6595}.Debug|x86.ActiveCfg = Debug|Any CPU
		{3A1D7085-4B6A-4D47-9FA6-B2A63CDD6595}.Debug|x86.Build.0 = Debug|Any CPU
		{3A1D7085-4B6A-4D47-9FA6-B2A63CDD6595}.Release|x64.ActiveCfg = Release|Any CPU
		{3A1D7085-4B6A-4D47-9FA6-B2A63CDD6595}.Release|x64.Build.0 = Release|Any CPU
		{3A1D7085-4B6A-4D47-9FA6-B2A63CDD6595}.Release|x86.ActiveCfg = Release|Any CPU
		{3A1D7085-4B6A-4D47-9FA6-B2A63CDD6595}.Release|x86.Build.0 = Release|Any CPU
		{80CA13E9-790A-4DC3-A45A-EDF6996D82D0}.Debug|x64.ActiveCfg = Debug|Any CPU
		{80CA13E9-790A-4DC3-A45A-EDF6996D82D0}.Debug|x64.Build.0 = Debug|Any CPU
		{80CA13E9-790A-4DC3-A45A-EDF6996D82D0}.Debug|x86.ActiveCfg = Debug|Any CPU
		{80CA13E9-790A-4DC3-A45A-EDF6996D82D0}.Debug|x86.Build.0 = Debug|Any CPU
		{80CA13E9-790A-4DC3-A45A-EDF6996D82D0}.Release|x64.ActiveCfg = Release|Any CPU
		{80CA13E9-790A-4DC3-A45A-EDF6996D82D0}.Release|x64.Build.0 = Release|Any CPU
		{80CA13E9-790A-4DC3-A45A-EDF6996D82D0}.Release|x86.ActiveCfg = Release|Any CPU
		{80CA13E9-790A-4DC3-A45A-EDF6996D82D0}.Release|x86.Build.0 = Release|Any CPU
		{8246BC73-11D4-4428-A67E-16DBF7316287}.Debug|x64.ActiveCfg = Debug|Any CPU
		{8246BC73-11D4-4428-A67E-16DBF7316287}.Debug|x86.ActiveCfg = Debug|Any CPU
		{8246BC73-11D4-4428-A67E-16DBF7316287}.Release|x64.ActiveCfg = Release|Any CPU
		{8246BC73-11D4-4428-A67E-16DBF7316287}.Release|x86.ActiveCfg = Release|Any CPU
		{6D9F8C0B-E3DA-4FB6-BBF9-FB57791B469D}.Debug|x64.ActiveCfg = Debug|x64
		{6D9F8C0B-E3DA-4FB6-BBF9-FB57791B469D}.Debug|x64.Build.0 = Debug|x64
		{6D9F8C0B-E3DA-4FB6-BBF9-FB57791B469D}.Debug|x86.ActiveCfg = Debug|x86
		{6D9F8C0B-E3DA-4FB6-BBF9-FB57791B469D}.Debug|x86.Build.0 = Debug|x86
		{6D9F8C0B-E3DA-4FB6-BBF9-FB57791B469D}.Release|x64.ActiveCfg = Release|x64
		{6D9F8C0B-E3DA-4FB6-BBF9-FB57791B469D}.Release|x64.Build.0 = Release|x64
		{6D9F8C0B-E3DA-4FB6-BBF9-FB57791B469D}.Release|x86.ActiveCfg = Release|x86
		{6D9F8C0B-E3DA-4FB6-BBF9-FB57791B469D}.Release|x86.Build.0 = Release|x86
		{E929A4D4-6C65-4D00-9432-E082169BDDC3}.Debug|x64.ActiveCfg = Debug|x64
		{E929A4D4-6C65-4D00-9432-E082169BDDC3}.Debug|x64.Build.0 = Debug|x64
		{E929A4D4-6C65-4D00-9432-E082169BDDC3}.Debug|x86.ActiveCfg = Debug|x86
		{E929A4D4-6C65-4D00-9432-E082169BDDC3}.Debug|x86.Build.0 = Debug|x86
		{E929A4D4-6C65-4D00-9432-E082169BDDC3}.Release|x64.ActiveCfg = Release|x64
		{E929A4D4-6C65-4D00-9432-E082169BDDC3}.Release|x64.Build.0 = Release|x64
		{E929A4D4-6C65-4D00-9432-E082169BDDC3}.Release|x86.ActiveCfg = Release|x86
		{E929A4D4-6C65-4D00-9432-E082169BDDC3}.Release|x86.Build.0 = Release|x86
	EndGlobalSection
	GlobalSection(SolutionProperties) = preSolution
		HideSolutionNode = FALSE
	EndGlobalSection
	GlobalSection(NestedProjects) = preSolution
		{0CC79A1A-463D-40BB-91E0-3B1391B519C6} = {AC721CF6-D782-442E-81AF-035F737908E6}
		{3A1D7085-4B6A-4D47-9FA6-B2A63CDD6595} = {AC721CF6-D782-442E-81AF-035F737908E6}
		{80CA13E9-790A-4DC3-A45A-EDF6996D82D0} = {AC721CF6-D782-442E-81AF-035F737908E6}
		{4EE15935-6CDA-48DD-9C5D-79FF130111CC} = {1072518C-0971-4951-B623-D32FB83831AD}
		{8246BC73-11D4-4428-A67E-16DBF7316287} = {1072518C-0971-4951-B623-D32FB83831AD}
	EndGlobalSection
	GlobalSection(TextTemplating) = postSolution
		TextTemplating = 1
	EndGlobalSection
EndGlobal
