
Microsoft Visual Studio Solution File, Format Version 10.00
# Visual Studio 2008
Project("{2150E333-8FDC-42A3-9474-1A3956D46DE8}") = "Solution Items", "Solution Items", "{B7ADE12F-386A-4809-AB93-023E49AF3C7B}"
	ProjectSection(SolutionItems) = preProject
		Copy-Dependencies.cmd = Copy-Dependencies.cmd
		SharpSvn.FxCop = SharpSvn.FxCop
		SharpSvn.shfb = SharpSvn.shfb
	EndProjectSection
	ProjectSection(FolderStartupServices) = postProject
		{B4F97281-0DBD-4835-9ED8-7DFB966E87FF} = {B4F97281-0DBD-4835-9ED8-7DFB966E87FF}
	EndProjectSection
EndProject
Project("{8BC9CEB8-8B4A-11D0-8D11-00A0C91BC942}") = "SharpSvn", "SharpSvn\SharpSvn-VS2008.vcproj", "{A3166809-1484-4442-BF75-5FB0E8356381}"
	ProjectSection(ProjectDependencies) = postProject
		{0CC79A1A-463D-40BB-91E0-3B1391B519C6} = {0CC79A1A-463D-40BB-91E0-3B1391B519C6}
		{3B2682F1-0092-4422-8E12-588163AD9422} = {3B2682F1-0092-4422-8E12-588163AD9422}
	EndProjectSection
EndProject
Project("{FAE04EC0-301F-11D3-BF4B-00C04F79EFBC}") = "SharpSvn.Console", "SharpSvn.Console\SharpSvn.Console.csproj", "{7C522F9F-6C65-405C-9A67-5F27FAAF970B}"
EndProject
Project("{FAE04EC0-301F-11D3-BF4B-00C04F79EFBC}") = "SharpSvn.UI-2008", "SharpSvn.UI\SharpSvn.UI-2008.csproj", "{E929A4D4-6C65-4D00-9432-E082169BDDC3}"
EndProject
Project("{FAE04EC0-301F-11D3-BF4B-00C04F79EFBC}") = "SharpSvn.Tests-VS2008", "SharpSvn.Tests\SharpSvn.Tests-VS2008.csproj", "{6D9F8C0B-E3DA-4FB6-BBF9-FB57791B469D}"
EndProject
Project("{8BC9CEB8-8B4A-11D0-8D11-00A0C91BC942}") = "SharpPlink", "SharpPlink\SharpPlink-vs2008.vcproj", "{3B2682F1-0092-4422-8E12-588163AD9422}"
EndProject
Project("{2150E333-8FDC-42A3-9474-1A3956D46DE8}") = "Z-Tools", "Z-Tools", "{AC721CF6-D782-442E-81AF-035F737908E6}"
EndProject
Project("{FAE04EC0-301F-11D3-BF4B-00C04F79EFBC}") = "Po2Resx", "tools\Po2Resx\Po2Resx.csproj", "{0CC79A1A-463D-40BB-91E0-3B1391B519C6}"
EndProject
Global
	GlobalSection(SolutionConfigurationPlatforms) = preSolution
		Debug|x64 = Debug|x64
		Debug|x86 = Debug|x86
		Release|x64 = Release|x64
		Release|x86 = Release|x86
	EndGlobalSection
	GlobalSection(ProjectConfigurationPlatforms) = postSolution
		{A3166809-1484-4442-BF75-5FB0E8356381}.Debug|x64.ActiveCfg = Debug|x64
		{A3166809-1484-4442-BF75-5FB0E8356381}.Debug|x64.Build.0 = Debug|x64
		{A3166809-1484-4442-BF75-5FB0E8356381}.Debug|x86.ActiveCfg = Release|Win32
		{A3166809-1484-4442-BF75-5FB0E8356381}.Debug|x86.Build.0 = Release|Win32
		{A3166809-1484-4442-BF75-5FB0E8356381}.Release|x64.ActiveCfg = Release|x64
		{A3166809-1484-4442-BF75-5FB0E8356381}.Release|x64.Build.0 = Release|x64
		{A3166809-1484-4442-BF75-5FB0E8356381}.Release|x86.ActiveCfg = Release|Win32
		{A3166809-1484-4442-BF75-5FB0E8356381}.Release|x86.Build.0 = Release|Win32
		{7C522F9F-6C65-405C-9A67-5F27FAAF970B}.Debug|x64.ActiveCfg = Debug|x64
		{7C522F9F-6C65-405C-9A67-5F27FAAF970B}.Debug|x64.Build.0 = Debug|x64
		{7C522F9F-6C65-405C-9A67-5F27FAAF970B}.Debug|x86.ActiveCfg = Release|x86
		{7C522F9F-6C65-405C-9A67-5F27FAAF970B}.Debug|x86.Build.0 = Release|x86
		{7C522F9F-6C65-405C-9A67-5F27FAAF970B}.Release|x64.ActiveCfg = Release|x64
		{7C522F9F-6C65-405C-9A67-5F27FAAF970B}.Release|x64.Build.0 = Release|x64
		{7C522F9F-6C65-405C-9A67-5F27FAAF970B}.Release|x86.ActiveCfg = Release|x86
		{7C522F9F-6C65-405C-9A67-5F27FAAF970B}.Release|x86.Build.0 = Release|x86
		{E929A4D4-6C65-4D00-9432-E082169BDDC3}.Debug|x64.ActiveCfg = Debug|Any CPU
		{E929A4D4-6C65-4D00-9432-E082169BDDC3}.Debug|x64.Build.0 = Debug|Any CPU
		{E929A4D4-6C65-4D00-9432-E082169BDDC3}.Debug|x86.ActiveCfg = Release|Any CPU
		{E929A4D4-6C65-4D00-9432-E082169BDDC3}.Debug|x86.Build.0 = Release|Any CPU
		{E929A4D4-6C65-4D00-9432-E082169BDDC3}.Release|x64.ActiveCfg = Release|Any CPU
		{E929A4D4-6C65-4D00-9432-E082169BDDC3}.Release|x64.Build.0 = Release|Any CPU
		{E929A4D4-6C65-4D00-9432-E082169BDDC3}.Release|x86.ActiveCfg = Release|Any CPU
		{E929A4D4-6C65-4D00-9432-E082169BDDC3}.Release|x86.Build.0 = Release|Any CPU
		{6D9F8C0B-E3DA-4FB6-BBF9-FB57791B469D}.Debug|x64.ActiveCfg = Debug|x64
		{6D9F8C0B-E3DA-4FB6-BBF9-FB57791B469D}.Debug|x64.Build.0 = Debug|x64
		{6D9F8C0B-E3DA-4FB6-BBF9-FB57791B469D}.Debug|x86.ActiveCfg = Release|x86
		{6D9F8C0B-E3DA-4FB6-BBF9-FB57791B469D}.Debug|x86.Build.0 = Release|x86
		{6D9F8C0B-E3DA-4FB6-BBF9-FB57791B469D}.Release|x64.ActiveCfg = Release|x64
		{6D9F8C0B-E3DA-4FB6-BBF9-FB57791B469D}.Release|x64.Build.0 = Release|x64
		{6D9F8C0B-E3DA-4FB6-BBF9-FB57791B469D}.Release|x86.ActiveCfg = Release|x86
		{6D9F8C0B-E3DA-4FB6-BBF9-FB57791B469D}.Release|x86.Build.0 = Release|x86
		{3B2682F1-0092-4422-8E12-588163AD9422}.Debug|x64.ActiveCfg = Debug|x64
		{3B2682F1-0092-4422-8E12-588163AD9422}.Debug|x64.Build.0 = Debug|x64
		{3B2682F1-0092-4422-8E12-588163AD9422}.Debug|x86.ActiveCfg = Release|Win32
		{3B2682F1-0092-4422-8E12-588163AD9422}.Debug|x86.Build.0 = Release|Win32
		{3B2682F1-0092-4422-8E12-588163AD9422}.Release|x64.ActiveCfg = Release|x64
		{3B2682F1-0092-4422-8E12-588163AD9422}.Release|x64.Build.0 = Release|x64
		{3B2682F1-0092-4422-8E12-588163AD9422}.Release|x86.ActiveCfg = Release|Win32
		{3B2682F1-0092-4422-8E12-588163AD9422}.Release|x86.Build.0 = Release|Win32
		{0CC79A1A-463D-40BB-91E0-3B1391B519C6}.Debug|x64.ActiveCfg = Debug|Any CPU
		{0CC79A1A-463D-40BB-91E0-3B1391B519C6}.Debug|x64.Build.0 = Debug|Any CPU
		{0CC79A1A-463D-40BB-91E0-3B1391B519C6}.Debug|x86.ActiveCfg = Release|Any CPU
		{0CC79A1A-463D-40BB-91E0-3B1391B519C6}.Debug|x86.Build.0 = Release|Any CPU
		{0CC79A1A-463D-40BB-91E0-3B1391B519C6}.Release|x64.ActiveCfg = Release|Any CPU
		{0CC79A1A-463D-40BB-91E0-3B1391B519C6}.Release|x64.Build.0 = Release|Any CPU
		{0CC79A1A-463D-40BB-91E0-3B1391B519C6}.Release|x86.ActiveCfg = Release|Any CPU
	EndGlobalSection
	GlobalSection(SolutionProperties) = preSolution
		HideSolutionNode = FALSE
	EndGlobalSection
	GlobalSection(NestedProjects) = preSolution
		{0CC79A1A-463D-40BB-91E0-3B1391B519C6} = {AC721CF6-D782-442E-81AF-035F737908E6}
	EndGlobalSection
	GlobalSection(TextTemplating) = postSolution
		TextTemplating = 1
	EndGlobalSection
EndGlobal
